
Microsoft Visual Studio Solution File, Format Version 12.00
# Visual Studio Version 17
VisualStudioVersion = 17.7.34024.191
MinimumVisualStudioVersion = 10.0.40219.1
Project("{FAE04EC0-301F-11D3-BF4B-00C04F79EFBC}") = "MacDynamicDesktop.Uwp", "MacDynamicDesktop\MacDynamicDesktop.UWP\MacDynamicDesktop.Uwp.csproj", "{81D978B1-6206-4248-A7D2-E4292B58D14A}"
EndProject
Project("{D954291E-2A0B-460D-934E-DC6B0785DB48}") = "MacDynamicDesktop.Shared", "MacDynamicDesktop\MacDynamicDesktop.Shared\MacDynamicDesktop.Shared.shproj", "{6279C845-92F8-4333-AB99-3D213163593C}"
EndProject
Project("{9A19103F-16F7-4668-BE54-9A1E7A4F7556}") = "MacDynamicDesktop.SharedViewModels", "MacDynamicDesktop\MacDynamicDesktop.SharedViewModels\MacDynamicDesktop.SharedViewModels.csproj", "{53DC2AEC-4C61-4FFC-AD14-42DF4390FE39}"
EndProject
Project("{9A19103F-16F7-4668-BE54-9A1E7A4F7556}") = "MacDynamicDesktop.Core", "MacDynamicDesktop\MacDynamicDesktop.Core\MacDynamicDesktop.Core.csproj", "{83977888-E819-41A6-83FB-A560FAB59FB1}"
EndProject
Project("{9A19103F-16F7-4668-BE54-9A1E7A4F7556}") = "MacDynamicDesktop.WinUI", "MacDynamicDesktop\MacDynamicDesktop.WinUI\MacDynamicDesktop.WinUI.csproj", "{DB5A184B-BB1B-4295-8015-74863A236E98}"
EndProject
Project("{FAE04EC0-301F-11D3-BF4B-00C04F79EFBC}") = "MacDynamicDesktop.Uwp.Core", "MacDynamicDesktop\MacDynamicDesktop.Uwp.Core\MacDynamicDesktop.Uwp.Core.csproj", "{A4D9433D-2478-4FE8-908C-42109F881B23}"
EndProject
Project("{FAE04EC0-301F-11D3-BF4B-00C04F79EFBC}") = "MacDynamicDesktop.Uwp.SharedViewModels", "MacDynamicDesktop\MacDynamicDesktop.Uwp.SharedViewModels\MacDynamicDesktop.Uwp.SharedViewModels.csproj", "{535E5ADF-554C-489B-ACF2-9454BB5BC5C8}"
EndProject
Global
	GlobalSection(SolutionConfigurationPlatforms) = preSolution
		Debug|Any CPU = Debug|Any CPU
		Debug|ARM = Debug|ARM
		Debug|ARM64 = Debug|ARM64
		Debug|x64 = Debug|x64
		Debug|x86 = Debug|x86
		Release|Any CPU = Release|Any CPU
		Release|ARM = Release|ARM
		Release|ARM64 = Release|ARM64
		Release|x64 = Release|x64
		Release|x86 = Release|x86
	EndGlobalSection
	GlobalSection(ProjectConfigurationPlatforms) = postSolution
		{81D978B1-6206-4248-A7D2-E4292B58D14A}.Debug|Any CPU.ActiveCfg = Debug|x64
		{81D978B1-6206-4248-A7D2-E4292B58D14A}.Debug|Any CPU.Build.0 = Debug|x64
		{81D978B1-6206-4248-A7D2-E4292B58D14A}.Debug|Any CPU.Deploy.0 = Debug|x64
		{81D978B1-6206-4248-A7D2-E4292B58D14A}.Debug|ARM.ActiveCfg = Debug|ARM
		{81D978B1-6206-4248-A7D2-E4292B58D14A}.Debug|ARM.Build.0 = Debug|ARM
		{81D978B1-6206-4248-A7D2-E4292B58D14A}.Debug|ARM.Deploy.0 = Debug|ARM
		{81D978B1-6206-4248-A7D2-E4292B58D14A}.Debug|ARM64.ActiveCfg = Debug|ARM64
		{81D978B1-6206-4248-A7D2-E4292B58D14A}.Debug|ARM64.Build.0 = Debug|ARM64
		{81D978B1-6206-4248-A7D2-E4292B58D14A}.Debug|ARM64.Deploy.0 = Debug|ARM64
		{81D978B1-6206-4248-A7D2-E4292B58D14A}.Debug|x64.ActiveCfg = Debug|x64
		{81D978B1-6206-4248-A7D2-E4292B58D14A}.Debug|x64.Build.0 = Debug|x64
		{81D978B1-6206-4248-A7D2-E4292B58D14A}.Debug|x64.Deploy.0 = Debug|x64
		{81D978B1-6206-4248-A7D2-E4292B58D14A}.Debug|x86.ActiveCfg = Debug|x86
		{81D978B1-6206-4248-A7D2-E4292B58D14A}.Debug|x86.Build.0 = Debug|x86
		{81D978B1-6206-4248-A7D2-E4292B58D14A}.Debug|x86.Deploy.0 = Debug|x86
		{81D978B1-6206-4248-A7D2-E4292B58D14A}.Release|Any CPU.ActiveCfg = Release|x64
		{81D978B1-6206-4248-A7D2-E4292B58D14A}.Release|Any CPU.Build.0 = Release|x64
		{81D978B1-6206-4248-A7D2-E4292B58D14A}.Release|Any CPU.Deploy.0 = Release|x64
		{81D978B1-6206-4248-A7D2-E4292B58D14A}.Release|ARM.ActiveCfg = Release|ARM
		{81D978B1-6206-4248-A7D2-E4292B58D14A}.Release|ARM.Build.0 = Release|ARM
		{81D978B1-6206-4248-A7D2-E4292B58D14A}.Release|ARM.Deploy.0 = Release|ARM
		{81D978B1-6206-4248-A7D2-E4292B58D14A}.Release|ARM64.ActiveCfg = Release|ARM64
		{81D978B1-6206-4248-A7D2-E4292B58D14A}.Release|ARM64.Build.0 = Release|ARM64
		{81D978B1-6206-4248-A7D2-E4292B58D14A}.Release|ARM64.Deploy.0 = Release|ARM64
		{81D978B1-6206-4248-A7D2-E4292B58D14A}.Release|x64.ActiveCfg = Release|x64
		{81D978B1-6206-4248-A7D2-E4292B58D14A}.Release|x64.Build.0 = Release|x64
		{81D978B1-6206-4248-A7D2-E4292B58D14A}.Release|x64.Deploy.0 = Release|x64
		{81D978B1-6206-4248-A7D2-E4292B58D14A}.Release|x86.ActiveCfg = Release|x86
		{81D978B1-6206-4248-A7D2-E4292B58D14A}.Release|x86.Build.0 = Release|x86
		{81D978B1-6206-4248-A7D2-E4292B58D14A}.Release|x86.Deploy.0 = Release|x86
		{53DC2AEC-4C61-4FFC-AD14-42DF4390FE39}.Debug|Any CPU.ActiveCfg = Debug|Any CPU
		{53DC2AEC-4C61-4FFC-AD14-42DF4390FE39}.Debug|Any CPU.Build.0 = Debug|Any CPU
		{53DC2AEC-4C61-4FFC-AD14-42DF4390FE39}.Debug|ARM.ActiveCfg = Debug|Any CPU
		{53DC2AEC-4C61-4FFC-AD14-42DF4390FE39}.Debug|ARM.Build.0 = Debug|Any CPU
		{53DC2AEC-4C61-4FFC-AD14-42DF4390FE39}.Debug|ARM64.ActiveCfg = Debug|Any CPU
		{53DC2AEC-4C61-4FFC-AD14-42DF4390FE39}.Debug|ARM64.Build.0 = Debug|Any CPU
		{53DC2AEC-4C61-4FFC-AD14-42DF4390FE39}.Debug|x64.ActiveCfg = Debug|Any CPU
		{53DC2AEC-4C61-4FFC-AD14-42DF4390FE39}.Debug|x64.Build.0 = Debug|Any CPU
		{53DC2AEC-4C61-4FFC-AD14-42DF4390FE39}.Debug|x86.ActiveCfg = Debug|Any CPU
		{53DC2AEC-4C61-4FFC-AD14-42DF4390FE39}.Debug|x86.Build.0 = Debug|Any CPU
		{53DC2AEC-4C61-4FFC-AD14-42DF4390FE39}.Release|Any CPU.ActiveCfg = Release|Any CPU
		{53DC2AEC-4C61-4FFC-AD14-42DF4390FE39}.Release|Any CPU.Build.0 = Release|Any CPU
		{53DC2AEC-4C61-4FFC-AD14-42DF4390FE39}.Release|ARM.ActiveCfg = Release|Any CPU
		{53DC2AEC-4C61-4FFC-AD14-42DF4390FE39}.Release|ARM.Build.0 = Release|Any CPU
		{53DC2AEC-4C61-4FFC-AD14-42DF4390FE39}.Release|ARM64.ActiveCfg = Release|Any CPU
		{53DC2AEC-4C61-4FFC-AD14-42DF4390FE39}.Release|ARM64.Build.0 = Release|Any CPU
		{53DC2AEC-4C61-4FFC-AD14-42DF4390FE39}.Release|x64.ActiveCfg = Release|Any CPU
		{53DC2AEC-4C61-4FFC-AD14-42DF4390FE39}.Release|x64.Build.0 = Release|Any CPU
		{53DC2AEC-4C61-4FFC-AD14-42DF4390FE39}.Release|x86.ActiveCfg = Release|Any CPU
		{53DC2AEC-4C61-4FFC-AD14-42DF4390FE39}.Release|x86.Build.0 = Release|Any CPU
		{83977888-E819-41A6-83FB-A560FAB59FB1}.Debug|Any CPU.ActiveCfg = Debug|Any CPU
		{83977888-E819-41A6-83FB-A560FAB59FB1}.Debug|Any CPU.Build.0 = Debug|Any CPU
		{83977888-E819-41A6-83FB-A560FAB59FB1}.Debug|ARM.ActiveCfg = Debug|Any CPU
		{83977888-E819-41A6-83FB-A560FAB59FB1}.Debug|ARM.Build.0 = Debug|Any CPU
		{83977888-E819-41A6-83FB-A560FAB59FB1}.Debug|ARM64.ActiveCfg = Debug|Any CPU
		{83977888-E819-41A6-83FB-A560FAB59FB1}.Debug|ARM64.Build.0 = Debug|Any CPU
		{83977888-E819-41A6-83FB-A560FAB59FB1}.Debug|x64.ActiveCfg = Debug|Any CPU
		{83977888-E819-41A6-83FB-A560FAB59FB1}.Debug|x64.Build.0 = Debug|Any CPU
		{83977888-E819-41A6-83FB-A560FAB59FB1}.Debug|x86.ActiveCfg = Debug|Any CPU
		{83977888-E819-41A6-83FB-A560FAB59FB1}.Debug|x86.Build.0 = Debug|Any CPU
		{83977888-E819-41A6-83FB-A560FAB59FB1}.Release|Any CPU.ActiveCfg = Release|Any CPU
		{83977888-E819-41A6-83FB-A560FAB59FB1}.Release|Any CPU.Build.0 = Release|Any CPU
		{83977888-E819-41A6-83FB-A560FAB59FB1}.Release|ARM.ActiveCfg = Release|Any CPU
		{83977888-E819-41A6-83FB-A560FAB59FB1}.Release|ARM.Build.0 = Release|Any CPU
		{83977888-E819-41A6-83FB-A560FAB59FB1}.Release|ARM64.ActiveCfg = Release|Any CPU
		{83977888-E819-41A6-83FB-A560FAB59FB1}.Release|ARM64.Build.0 = Release|Any CPU
		{83977888-E819-41A6-83FB-A560FAB59FB1}.Release|x64.ActiveCfg = Release|Any CPU
		{83977888-E819-41A6-83FB-A560FAB59FB1}.Release|x64.Build.0 = Release|Any CPU
		{83977888-E819-41A6-83FB-A560FAB59FB1}.Release|x86.ActiveCfg = Release|Any CPU
		{83977888-E819-41A6-83FB-A560FAB59FB1}.Release|x86.Build.0 = Release|Any CPU
		{DB5A184B-BB1B-4295-8015-74863A236E98}.Debug|Any CPU.ActiveCfg = Debug|x64
		{DB5A184B-BB1B-4295-8015-74863A236E98}.Debug|Any CPU.Build.0 = Debug|x64
		{DB5A184B-BB1B-4295-8015-74863A236E98}.Debug|Any CPU.Deploy.0 = Debug|x64
		{DB5A184B-BB1B-4295-8015-74863A236E98}.Debug|ARM.ActiveCfg = Debug|x64
		{DB5A184B-BB1B-4295-8015-74863A236E98}.Debug|ARM.Build.0 = Debug|x64
		{DB5A184B-BB1B-4295-8015-74863A236E98}.Debug|ARM.Deploy.0 = Debug|x64
		{DB5A184B-BB1B-4295-8015-74863A236E98}.Debug|ARM64.ActiveCfg = Debug|ARM64
		{DB5A184B-BB1B-4295-8015-74863A236E98}.Debug|ARM64.Build.0 = Debug|ARM64
		{DB5A184B-BB1B-4295-8015-74863A236E98}.Debug|ARM64.Deploy.0 = Debug|ARM64
		{DB5A184B-BB1B-4295-8015-74863A236E98}.Debug|x64.ActiveCfg = Debug|x64
		{DB5A184B-BB1B-4295-8015-74863A236E98}.Debug|x64.Build.0 = Debug|x64
		{DB5A184B-BB1B-4295-8015-74863A236E98}.Debug|x64.Deploy.0 = Debug|x64
		{DB5A184B-BB1B-4295-8015-74863A236E98}.Debug|x86.ActiveCfg = Debug|x86
		{DB5A184B-BB1B-4295-8015-74863A236E98}.Debug|x86.Build.0 = Debug|x86
		{DB5A184B-BB1B-4295-8015-74863A236E98}.Debug|x86.Deploy.0 = Debug|x86
		{DB5A184B-BB1B-4295-8015-74863A236E98}.Release|Any CPU.ActiveCfg = Release|x64
		{DB5A184B-BB1B-4295-8015-74863A236E98}.Release|Any CPU.Build.0 = Release|x64
		{DB5A184B-BB1B-4295-8015-74863A236E98}.Release|Any CPU.Deploy.0 = Release|x64
		{DB5A184B-BB1B-4295-8015-74863A236E98}.Release|ARM.ActiveCfg = Release|x64
		{DB5A184B-BB1B-4295-8015-74863A236E98}.Release|ARM.Build.0 = Release|x64
		{DB5A184B-BB1B-4295-8015-74863A236E98}.Release|ARM.Deploy.0 = Release|x64
		{DB5A184B-BB1B-4295-8015-74863A236E98}.Release|ARM64.ActiveCfg = Release|ARM64
		{DB5A184B-BB1B-4295-8015-74863A236E98}.Release|ARM64.Build.0 = Release|ARM64
		{DB5A184B-BB1B-4295-8015-74863A236E98}.Release|ARM64.Deploy.0 = Release|ARM64
		{DB5A184B-BB1B-4295-8015-74863A236E98}.Release|x64.ActiveCfg = Release|x64
		{DB5A184B-BB1B-4295-8015-74863A236E98}.Release|x64.Build.0 = Release|x64
		{DB5A184B-BB1B-4295-8015-74863A236E98}.Release|x64.Deploy.0 = Release|x64
		{DB5A184B-BB1B-4295-8015-74863A236E98}.Release|x86.ActiveCfg = Release|x86
		{DB5A184B-BB1B-4295-8015-74863A236E98}.Release|x86.Build.0 = Release|x86
		{DB5A184B-BB1B-4295-8015-74863A236E98}.Release|x86.Deploy.0 = Release|x86
		{A4D9433D-2478-4FE8-908C-42109F881B23}.Debug|Any CPU.ActiveCfg = Debug|Any CPU
		{A4D9433D-2478-4FE8-908C-42109F881B23}.Debug|Any CPU.Build.0 = Debug|Any CPU
		{A4D9433D-2478-4FE8-908C-42109F881B23}.Debug|ARM.ActiveCfg = Debug|Any CPU
		{A4D9433D-2478-4FE8-908C-42109F881B23}.Debug|ARM.Build.0 = Debug|Any CPU
		{A4D9433D-2478-4FE8-908C-42109F881B23}.Debug|ARM64.ActiveCfg = Debug|Any CPU
		{A4D9433D-2478-4FE8-908C-42109F881B23}.Debug|ARM64.Build.0 = Debug|Any CPU
		{A4D9433D-2478-4FE8-908C-42109F881B23}.Debug|x64.ActiveCfg = Debug|Any CPU
		{A4D9433D-2478-4FE8-908C-42109F881B23}.Debug|x64.Build.0 = Debug|Any CPU
		{A4D9433D-2478-4FE8-908C-42109F881B23}.Debug|x86.ActiveCfg = Debug|Any CPU
		{A4D9433D-2478-4FE8-908C-42109F881B23}.Debug|x86.Build.0 = Debug|Any CPU
		{A4D9433D-2478-4FE8-908C-42109F881B23}.Release|Any CPU.ActiveCfg = Release|Any CPU
		{A4D9433D-2478-4FE8-908C-42109F881B23}.Release|Any CPU.Build.0 = Release|Any CPU
		{A4D9433D-2478-4FE8-908C-42109F881B23}.Release|ARM.ActiveCfg = Release|Any CPU
		{A4D9433D-2478-4FE8-908C-42109F881B23}.Release|ARM.Build.0 = Release|Any CPU
		{A4D9433D-2478-4FE8-908C-42109F881B23}.Release|ARM64.ActiveCfg = Release|Any CPU
		{A4D9433D-2478-4FE8-908C-42109F881B23}.Release|ARM64.Build.0 = Release|Any CPU
		{A4D9433D-2478-4FE8-908C-42109F881B23}.Release|x64.ActiveCfg = Release|Any CPU
		{A4D9433D-2478-4FE8-908C-42109F881B23}.Release|x64.Build.0 = Release|Any CPU
		{A4D9433D-2478-4FE8-908C-42109F881B23}.Release|x86.ActiveCfg = Release|Any CPU
		{A4D9433D-2478-4FE8-908C-42109F881B23}.Release|x86.Build.0 = Release|Any CPU
		{535E5ADF-554C-489B-ACF2-9454BB5BC5C8}.Debug|Any CPU.ActiveCfg = Debug|Any CPU
		{535E5ADF-554C-489B-ACF2-9454BB5BC5C8}.Debug|Any CPU.Build.0 = Debug|Any CPU
		{535E5ADF-554C-489B-ACF2-9454BB5BC5C8}.Debug|ARM.ActiveCfg = Debug|Any CPU
		{535E5ADF-554C-489B-ACF2-9454BB5BC5C8}.Debug|ARM.Build.0 = Debug|Any CPU
		{535E5ADF-554C-489B-ACF2-9454BB5BC5C8}.Debug|ARM64.ActiveCfg = Debug|Any CPU
		{535E5ADF-554C-489B-ACF2-9454BB5BC5C8}.Debug|ARM64.Build.0 = Debug|Any CPU
		{535E5ADF-554C-489B-ACF2-9454BB5BC5C8}.Debug|x64.ActiveCfg = Debug|Any CPU
		{535E5ADF-554C-489B-ACF2-9454BB5BC5C8}.Debug|x64.Build.0 = Debug|Any CPU
		{535E5ADF-554C-489B-ACF2-9454BB5BC5C8}.Debug|x86.ActiveCfg = Debug|Any CPU
		{535E5ADF-554C-489B-ACF2-9454BB5BC5C8}.Debug|x86.Build.0 = Debug|Any CPU
		{535E5ADF-554C-489B-ACF2-9454BB5BC5C8}.Release|Any CPU.ActiveCfg = Release|Any CPU
		{535E5ADF-554C-489B-ACF2-9454BB5BC5C8}.Release|Any CPU.Build.0 = Release|Any CPU
		{535E5ADF-554C-489B-ACF2-9454BB5BC5C8}.Release|ARM.ActiveCfg = Release|Any CPU
		{535E5ADF-554C-489B-ACF2-9454BB5BC5C8}.Release|ARM.Build.0 = Release|Any CPU
		{535E5ADF-554C-489B-ACF2-9454BB5BC5C8}.Release|ARM64.ActiveCfg = Release|Any CPU
		{535E5ADF-554C-489B-ACF2-9454BB5BC5C8}.Release|ARM64.Build.0 = Release|Any CPU
		{535E5ADF-554C-489B-ACF2-9454BB5BC5C8}.Release|x64.ActiveCfg = Release|Any CPU
		{535E5ADF-554C-489B-ACF2-9454BB5BC5C8}.Release|x64.Build.0 = Release|Any CPU
		{535E5ADF-554C-489B-ACF2-9454BB5BC5C8}.Release|x86.ActiveCfg = Release|Any CPU
		{535E5ADF-554C-489B-ACF2-9454BB5BC5C8}.Release|x86.Build.0 = Release|Any CPU
	EndGlobalSection
	GlobalSection(SolutionProperties) = preSolution
		HideSolutionNode = FALSE
	EndGlobalSection
	GlobalSection(ExtensibilityGlobals) = postSolution
		SolutionGuid = {3229CF28-8189-4BB0-A5EB-9C62A3DBD10E}
	EndGlobalSection
	GlobalSection(SharedMSBuildProjectFiles) = preSolution
		MacDynamicDesktop\MacDynamicDesktop.Shared\MacDynamicDesktop.Shared.projitems*{6279c845-92f8-4333-ab99-3d213163593c}*SharedItemsImports = 13
		MacDynamicDesktop\MacDynamicDesktop.Shared\MacDynamicDesktop.Shared.projitems*{81d978b1-6206-4248-a7d2-e4292b58d14a}*SharedItemsImports = 4
	EndGlobalSection
EndGlobal
